
Microsoft Visual Studio Solution File, Format Version 12.00
# Visual Studio Version 16
VisualStudioVersion = 16.0.29926.136
MinimumVisualStudioVersion = 10.0.40219.1
Project("{FAE04EC0-301F-11D3-BF4B-00C04F79EFBC}") = "ArtStudio", "ArtStudio\ArtStudio.csproj", "{79A7FAA4-1B0A-4FD0-8D66-B740E737AD85}"
EndProject
Global
	GlobalSection(SolutionConfigurationPlatforms) = preSolution
		Debug|Any CPU = Debug|Any CPU
		Release|Any CPU = Release|Any CPU
	EndGlobalSection
	GlobalSection(ProjectConfigurationPlatforms) = postSolution
		{79A7FAA4-1B0A-4FD0-8D66-B740E737AD85}.Debug|Any CPU.ActiveCfg = Debug|Any CPU
		{79A7FAA4-1B0A-4FD0-8D66-B740E737AD85}.Debug|Any CPU.Build.0 = Debug|Any CPU
		{79A7FAA4-1B0A-4FD0-8D66-B740E737AD85}.Release|Any CPU.ActiveCfg = Release|Any CPU
		{79A7FAA4-1B0A-4FD0-8D66-B740E737AD85}.Release|Any CPU.Build.0 = Release|Any CPU
	EndGlobalSection
	GlobalSection(SolutionProperties) = preSolution
		HideSolutionNode = FALSE
	EndGlobalSection
	GlobalSection(ExtensibilityGlobals) = postSolution
		SolutionGuid = {EAA29A32-17B2-4FE8-8B34-84946615BD7F}
	EndGlobalSection
EndGlobal
